// !$*UTF8*$!
{
	archiveVersion = 1;
	classes = {
	};
	objectVersion = 46;
	objects = {

/* Begin PBXBuildFile section */
		427C40AE19CA601F007B2866 /* Verifier.h in Sources */ = {isa = PBXBuildFile; fileRef = 427C40AD19CA601F007B2866 /* Verifier.h */; };
		427C40B019CA601F007B2866 /* Assign2.1 in CopyFiles */ = {isa = PBXBuildFile; fileRef = 427C40AF19CA601F007B2866 /* Assign2.1 */; };
		42A4857F19D1DCF200EDEE50 /* Verifier.cpp in Sources */ = {isa = PBXBuildFile; fileRef = 42A4857E19D1DCF200EDEE50 /* Verifier.cpp */; };
		42A4858219D1DD5100EDEE50 /* assign3.cpp in Sources */ = {isa = PBXBuildFile; fileRef = 42A4858019D1DD5100EDEE50 /* assign3.cpp */; };
/* End PBXBuildFile section */

/* Begin PBXCopyFilesBuildPhase section */
		427C40A819CA601F007B2866 /* CopyFiles */ = {
			isa = PBXCopyFilesBuildPhase;
			buildActionMask = 2147483647;
			dstPath = /usr/share/man/man1/;
			dstSubfolderSpec = 0;
			files = (
				427C40B019CA601F007B2866 /* Assign2.1 in CopyFiles */,
			);
			runOnlyForDeploymentPostprocessing = 1;
		};
/* End PBXCopyFilesBuildPhase section */

/* Begin PBXFileReference section */
		427C40AA19CA601F007B2866 /* Assign3 */ = {isa = PBXFileReference; explicitFileType = "compiled.mach-o.executable"; includeInIndex = 0; path = Assign3; sourceTree = BUILT_PRODUCTS_DIR; };
		427C40AD19CA601F007B2866 /* Verifier.h */ = {isa = PBXFileReference; explicitFileType = sourcecode.cpp.h; path = Verifier.h; sourceTree = "<group>"; };
		427C40AF19CA601F007B2866 /* Assign2.1 */ = {isa = PBXFileReference; lastKnownFileType = text.man; path = Assign2.1; sourceTree = "<group>"; };
		42A4857E19D1DCF200EDEE50 /* Verifier.cpp */ = {isa = PBXFileReference; fileEncoding = 4; lastKnownFileType = sourcecode.cpp.cpp; path = Verifier.cpp; sourceTree = "<group>"; };
		42A4858019D1DD5100EDEE50 /* assign3.cpp */ = {isa = PBXFileReference; fileEncoding = 4; lastKnownFileType = sourcecode.cpp.cpp; path = assign3.cpp; sourceTree = "<group>"; };
/* End PBXFileReference section */

/* Begin PBXFrameworksBuildPhase section */
		427C40A719CA601F007B2866 /* Frameworks */ = {
			isa = PBXFrameworksBuildPhase;
			buildActionMask = 2147483647;
			files = (
			);
			runOnlyForDeploymentPostprocessing = 0;
		};
/* End PBXFrameworksBuildPhase section */

/* Begin PBXGroup section */
		427C40A119CA601F007B2866 = {
			isa = PBXGroup;
			children = (
				427C40AC19CA601F007B2866 /* Assign3 */,
				427C40AB19CA601F007B2866 /* Products */,
			);
			sourceTree = "<group>";
		};
		427C40AB19CA601F007B2866 /* Products */ = {
			isa = PBXGroup;
			children = (
				427C40AA19CA601F007B2866 /* Assign3 */,
			);
			name = Products;
			sourceTree = "<group>";
		};
		427C40AC19CA601F007B2866 /* Assign3 */ = {
			isa = PBXGroup;
			children = (
				427C40AD19CA601F007B2866 /* Verifier.h */,
				427C40AF19CA601F007B2866 /* Assign2.1 */,
				42A4857E19D1DCF200EDEE50 /* Verifier.cpp */,
				42A4858019D1DD5100EDEE50 /* assign3.cpp */,
			);
			name = Assign3;
			path = Assign2;
			sourceTree = "<group>";
		};
/* End PBXGroup section */

/* Begin PBXNativeTarget section */
		427C40A919CA601F007B2866 /* Assign3 */ = {
			isa = PBXNativeTarget;
			buildConfigurationList = 427C40B319CA601F007B2866 /* Build configuration list for PBXNativeTarget "Assign3" */;
			buildPhases = (
				427C40A619CA601F007B2866 /* Sources */,
				427C40A719CA601F007B2866 /* Frameworks */,
				427C40A819CA601F007B2866 /* CopyFiles */,
			);
			buildRules = (
			);
			dependencies = (
			);
			name = Assign3;
			productName = Assign2;
			productReference = 427C40AA19CA601F007B2866 /* Assign3 */;
			productType = "com.apple.product-type.tool";
		};
/* End PBXNativeTarget section */

/* Begin PBXProject section */
		427C40A219CA601F007B2866 /* Project object */ = {
			isa = PBXProject;
			attributes = {
				LastUpgradeCheck = 0510;
				ORGANIZATIONNAME = "___AbeRodriguez___";
			};
			buildConfigurationList = 427C40A519CA601F007B2866 /* Build configuration list for PBXProject "Assign3" */;
			compatibilityVersion = "Xcode 3.2";
			developmentRegion = English;
			hasScannedForEncodings = 0;
			knownRegions = (
				en,
			);
			mainGroup = 427C40A119CA601F007B2866;
			productRefGroup = 427C40AB19CA601F007B2866 /* Products */;
			projectDirPath = "";
			projectRoot = "";
			targets = (
				427C40A919CA601F007B2866 /* Assign3 */,
			);
		};
/* End PBXProject section */

/* Begin PBXSourcesBuildPhase section */
		427C40A619CA601F007B2866 /* Sources */ = {
			isa = PBXSourcesBuildPhase;
			buildActionMask = 2147483647;
			files = (
				42A4858219D1DD5100EDEE50 /* assign3.cpp in Sources */,
				427C40AE19CA601F007B2866 /* Verifier.h in Sources */,
				42A4857F19D1DCF200EDEE50 /* Verifier.cpp in Sources */,
			);
			runOnlyForDeploymentPostprocessing = 0;
		};
/* End PBXSourcesBuildPhase section */

/* Begin XCBuildConfiguration section */
		427C40B119CA601F007B2866 /* Debug */ = {
			isa = XCBuildConfiguration;
			buildSettings = {
				ALWAYS_SEARCH_USER_PATHS = NO;
				CLANG_CXX_LANGUAGE_STANDARD = "gnu++0x";
				CLANG_CXX_LIBRARY = "libc++";
				CLANG_ENABLE_MODULES = YES;
				CLANG_ENABLE_OBJC_ARC = YES;
				CLANG_WARN_BOOL_CONVERSION = YES;
				CLANG_WARN_CONSTANT_CONVERSION = YES;
				CLANG_WARN_DIRECT_OBJC_ISA_USAGE = YES_ERROR;
				CLANG_WARN_EMPTY_BODY = YES;
				CLANG_WARN_ENUM_CONVERSION = YES;
				CLANG_WARN_INT_CONVERSION = YES;
				CLANG_WARN_OBJC_ROOT_CLASS = YES_ERROR;
				CLANG_WARN__DUPLICATE_METHOD_MATCH = YES;
				COPY_PHASE_STRIP = NO;
				GCC_C_LANGUAGE_STANDARD = gnu99;
				GCC_DYNAMIC_NO_PIC = NO;
				GCC_ENABLE_OBJC_EXCEPTIONS = YES;
				GCC_OPTIMIZATION_LEVEL = 0;
				GCC_PREPROCESSOR_DEFINITIONS = (
					"DEBUG=1",
					"$(inherited)",
				);
				GCC_SYMBOLS_PRIVATE_EXTERN = NO;
				GCC_WARN_64_TO_32_BIT_CONVERSION = YES;
				GCC_WARN_ABOUT_RETURN_TYPE = YES_ERROR;
				GCC_WARN_UNDECLARED_SELECTOR = YES;
				GCC_WARN_UNINITIALIZED_AUTOS = YES_AGGRESSIVE;
				GCC_WARN_UNUSED_FUNCTION = YES;
				GCC_WARN_UNUSED_VARIABLE = YES;
				MACOSX_DEPLOYMENT_TARGET = 10.9;
				ONLY_ACTIVE_ARCH = YES;
				SDKROOT = macosx;
			};
			name = Debug;
		};
		427C40B219CA601F007B2866 /* Release */ = {
			isa = XCBuildConfiguration;
			buildSettings = {
				ALWAYS_SEARCH_USER_PATHS = NO;
				CLANG_CXX_LANGUAGE_STANDARD = "gnu++0x";
				CLANG_CXX_LIBRARY = "libc++";
				CLANG_ENABLE_MODULES = YES;
				CLANG_ENABLE_OBJC_ARC = YES;
				CLANG_WARN_BOOL_CONVERSION = YES;
				CLANG_WARN_CONSTANT_CONVERSION = YES;
				CLANG_WARN_DIRECT_OBJC_ISA_USAGE = YES_ERROR;
				CLANG_WARN_EMPTY_BODY = YES;
				CLANG_WARN_ENUM_CONVERSION = YES;
				CLANG_WARN_INT_CONVERSION = YES;
				CLANG_WARN_OBJC_ROOT_CLASS = YES_ERROR;
				CLANG_WARN__DUPLICATE_METHOD_MATCH = YES;
				COPY_PHASE_STRIP = YES;
				DEBUG_INFORMATION_FORMAT = "dwarf-with-dsym";
				ENABLE_NS_ASSERTIONS = NO;
				GCC_C_LANGUAGE_STANDARD = gnu99;
				GCC_ENABLE_OBJC_EXCEPTIONS = YES;
				GCC_WARN_64_TO_32_BIT_CONVERSION = YES;
				GCC_WARN_ABOUT_RETURN_TYPE = YES_ERROR;
				GCC_WARN_UNDECLARED_SELECTOR = YES;
				GCC_WARN_UNINITIALIZED_AUTOS = YES_AGGRESSIVE;
				GCC_WARN_UNUSED_FUNCTION = YES;
				GCC_WARN_UNUSED_VARIABLE = YES;
				MACOSX_DEPLOYMENT_TARGET = 10.9;
				SDKROOT = macosx;
			};
			name = Release;
		};
		427C40B419CA601F007B2866 /* Debug */ = {
			isa = XCBuildConfiguration;
			buildSettings = {
				PRODUCT_NAME = Assign3;
			};
			name = Debug;
		};
		427C40B519CA601F007B2866 /* Release */ = {
			isa = XCBuildConfiguration;
			buildSettings = {
				PRODUCT_NAME = Assign3;
			};
			name = Release;
		};
/* End XCBuildConfiguration section */

/* Begin XCConfigurationList section */
		427C40A519CA601F007B2866 /* Build configuration list for PBXProject "Assign3" */ = {
			isa = XCConfigurationList;
			buildConfigurations = (
				427C40B119CA601F007B2866 /* Debug */,
				427C40B219CA601F007B2866 /* Release */,
			);
			defaultConfigurationIsVisible = 0;
			defaultConfigurationName = Release;
		};
		427C40B319CA601F007B2866 /* Build configuration list for PBXNativeTarget "Assign3" */ = {
			isa = XCConfigurationList;
			buildConfigurations = (
				427C40B419CA601F007B2866 /* Debug */,
				427C40B519CA601F007B2866 /* Release */,
			);
			defaultConfigurationIsVisible = 0;
			defaultConfigurationName = Release;
		};
/* End XCConfigurationList section */
	};
	rootObject = 427C40A219CA601F007B2866 /* Project object */;
}
