// !$*UTF8*$!
{
	archiveVersion = 1;
	classes = {
	};
	objectVersion = 46;
	objects = {

/* Begin PBXBuildFile section */
		42D2297C1A0279E00013F23E /* Assign6.cpp in Sources */ = {isa = PBXBuildFile; fileRef = 42D2297B1A0279E00013F23E /* Assign6.cpp */; };
/* End PBXBuildFile section */

/* Begin PBXCopyFilesBuildPhase section */
		42D229761A0279E00013F23E /* CopyFiles */ = {
			isa = PBXCopyFilesBuildPhase;
			buildActionMask = 2147483647;
			dstPath = /usr/share/man/man1/;
			dstSubfolderSpec = 0;
			files = (
			);
			runOnlyForDeploymentPostprocessing = 1;
		};
/* End PBXCopyFilesBuildPhase section */

/* Begin PBXFileReference section */
		425742671A1504AD00C79CB9 /* Expressions.rtf */ = {isa = PBXFileReference; fileEncoding = 4; lastKnownFileType = text.rtf; name = Expressions.rtf; path = Assign6/Expressions.rtf; sourceTree = "<group>"; };
		42D229781A0279E00013F23E /* Assign6 */ = {isa = PBXFileReference; explicitFileType = "compiled.mach-o.executable"; includeInIndex = 0; path = Assign6; sourceTree = BUILT_PRODUCTS_DIR; };
		42D2297B1A0279E00013F23E /* Assign6.cpp */ = {isa = PBXFileReference; lastKnownFileType = sourcecode.cpp.cpp; path = Assign6.cpp; sourceTree = "<group>"; };
		42D229821A027AB20013F23E /* Stack.h */ = {isa = PBXFileReference; explicitFileType = sourcecode.cpp.h; path = Stack.h; sourceTree = "<group>"; };
/* End PBXFileReference section */

/* Begin PBXFrameworksBuildPhase section */
		42D229751A0279E00013F23E /* Frameworks */ = {
			isa = PBXFrameworksBuildPhase;
			buildActionMask = 2147483647;
			files = (
			);
			runOnlyForDeploymentPostprocessing = 0;
		};
/* End PBXFrameworksBuildPhase section */

/* Begin PBXGroup section */
		42D2296F1A0279E00013F23E = {
			isa = PBXGroup;
			children = (
				42D2297A1A0279E00013F23E /* Assign6 */,
				42D229791A0279E00013F23E /* Products */,
				425742671A1504AD00C79CB9 /* Expressions.rtf */,
			);
			sourceTree = "<group>";
		};
		42D229791A0279E00013F23E /* Products */ = {
			isa = PBXGroup;
			children = (
				42D229781A0279E00013F23E /* Assign6 */,
			);
			name = Products;
			sourceTree = "<group>";
		};
		42D2297A1A0279E00013F23E /* Assign6 */ = {
			isa = PBXGroup;
			children = (
				42D2297B1A0279E00013F23E /* Assign6.cpp */,
				42D229821A027AB20013F23E /* Stack.h */,
			);
			path = Assign6;
			sourceTree = "<group>";
		};
/* End PBXGroup section */

/* Begin PBXNativeTarget section */
		42D229771A0279E00013F23E /* Assign6 */ = {
			isa = PBXNativeTarget;
			buildConfigurationList = 42D2297F1A0279E00013F23E /* Build configuration list for PBXNativeTarget "Assign6" */;
			buildPhases = (
				42D229741A0279E00013F23E /* Sources */,
				42D229751A0279E00013F23E /* Frameworks */,
				42D229761A0279E00013F23E /* CopyFiles */,
			);
			buildRules = (
			);
			dependencies = (
			);
			name = Assign6;
			productName = Assign6;
			productReference = 42D229781A0279E00013F23E /* Assign6 */;
			productType = "com.apple.product-type.tool";
		};
/* End PBXNativeTarget section */

/* Begin PBXProject section */
		42D229701A0279E00013F23E /* Project object */ = {
			isa = PBXProject;
			attributes = {
				LastUpgradeCheck = 0610;
				ORGANIZATIONNAME = "___AbeRodriguez___";
				TargetAttributes = {
					42D229771A0279E00013F23E = {
						CreatedOnToolsVersion = 6.1;
					};
				};
			};
			buildConfigurationList = 42D229731A0279E00013F23E /* Build configuration list for PBXProject "Assign6" */;
			compatibilityVersion = "Xcode 3.2";
			developmentRegion = English;
			hasScannedForEncodings = 0;
			knownRegions = (
				en,
			);
			mainGroup = 42D2296F1A0279E00013F23E;
			productRefGroup = 42D229791A0279E00013F23E /* Products */;
			projectDirPath = "";
			projectRoot = "";
			targets = (
				42D229771A0279E00013F23E /* Assign6 */,
			);
		};
/* End PBXProject section */

/* Begin PBXSourcesBuildPhase section */
		42D229741A0279E00013F23E /* Sources */ = {
			isa = PBXSourcesBuildPhase;
			buildActionMask = 2147483647;
			files = (
				42D2297C1A0279E00013F23E /* Assign6.cpp in Sources */,
			);
			runOnlyForDeploymentPostprocessing = 0;
		};
/* End PBXSourcesBuildPhase section */

/* Begin XCBuildConfiguration section */
		42D2297D1A0279E00013F23E /* Debug */ = {
			isa = XCBuildConfiguration;
			buildSettings = {
				ALWAYS_SEARCH_USER_PATHS = NO;
				CLANG_CXX_LANGUAGE_STANDARD = "gnu++0x";
				CLANG_CXX_LIBRARY = "libc++";
				CLANG_ENABLE_MODULES = YES;
				CLANG_ENABLE_OBJC_ARC = YES;
				CLANG_WARN_BOOL_CONVERSION = YES;
				CLANG_WARN_CONSTANT_CONVERSION = YES;
				CLANG_WARN_DIRECT_OBJC_ISA_USAGE = YES_ERROR;
				CLANG_WARN_EMPTY_BODY = YES;
				CLANG_WARN_ENUM_CONVERSION = YES;
				CLANG_WARN_INT_CONVERSION = YES;
				CLANG_WARN_OBJC_ROOT_CLASS = YES_ERROR;
				CLANG_WARN_UNREACHABLE_CODE = YES;
				CLANG_WARN__DUPLICATE_METHOD_MATCH = YES;
				COPY_PHASE_STRIP = NO;
				ENABLE_STRICT_OBJC_MSGSEND = YES;
				GCC_C_LANGUAGE_STANDARD = gnu99;
				GCC_DYNAMIC_NO_PIC = NO;
				GCC_OPTIMIZATION_LEVEL = 0;
				GCC_PREPROCESSOR_DEFINITIONS = (
					"DEBUG=1",
					"$(inherited)",
				);
				GCC_SYMBOLS_PRIVATE_EXTERN = NO;
				GCC_WARN_64_TO_32_BIT_CONVERSION = YES;
				GCC_WARN_ABOUT_RETURN_TYPE = YES_ERROR;
				GCC_WARN_UNDECLARED_SELECTOR = YES;
				GCC_WARN_UNINITIALIZED_AUTOS = YES_AGGRESSIVE;
				GCC_WARN_UNUSED_FUNCTION = YES;
				GCC_WARN_UNUSED_VARIABLE = YES;
				MACOSX_DEPLOYMENT_TARGET = 10.10;
				MTL_ENABLE_DEBUG_INFO = YES;
				ONLY_ACTIVE_ARCH = YES;
				SDKROOT = macosx;
			};
			name = Debug;
		};
		42D2297E1A0279E00013F23E /* Release */ = {
			isa = XCBuildConfiguration;
			buildSettings = {
				ALWAYS_SEARCH_USER_PATHS = NO;
				CLANG_CXX_LANGUAGE_STANDARD = "gnu++0x";
				CLANG_CXX_LIBRARY = "libc++";
				CLANG_ENABLE_MODULES = YES;
				CLANG_ENABLE_OBJC_ARC = YES;
				CLANG_WARN_BOOL_CONVERSION = YES;
				CLANG_WARN_CONSTANT_CONVERSION = YES;
				CLANG_WARN_DIRECT_OBJC_ISA_USAGE = YES_ERROR;
				CLANG_WARN_EMPTY_BODY = YES;
				CLANG_WARN_ENUM_CONVERSION = YES;
				CLANG_WARN_INT_CONVERSION = YES;
				CLANG_WARN_OBJC_ROOT_CLASS = YES_ERROR;
				CLANG_WARN_UNREACHABLE_CODE = YES;
				CLANG_WARN__DUPLICATE_METHOD_MATCH = YES;
				COPY_PHASE_STRIP = YES;
				DEBUG_INFORMATION_FORMAT = "dwarf-with-dsym";
				ENABLE_NS_ASSERTIONS = NO;
				ENABLE_STRICT_OBJC_MSGSEND = YES;
				GCC_C_LANGUAGE_STANDARD = gnu99;
				GCC_WARN_64_TO_32_BIT_CONVERSION = YES;
				GCC_WARN_ABOUT_RETURN_TYPE = YES_ERROR;
				GCC_WARN_UNDECLARED_SELECTOR = YES;
				GCC_WARN_UNINITIALIZED_AUTOS = YES_AGGRESSIVE;
				GCC_WARN_UNUSED_FUNCTION = YES;
				GCC_WARN_UNUSED_VARIABLE = YES;
				MACOSX_DEPLOYMENT_TARGET = 10.10;
				MTL_ENABLE_DEBUG_INFO = NO;
				SDKROOT = macosx;
			};
			name = Release;
		};
		42D229801A0279E00013F23E /* Debug */ = {
			isa = XCBuildConfiguration;
			buildSettings = {
				PRODUCT_NAME = "$(TARGET_NAME)";
			};
			name = Debug;
		};
		42D229811A0279E00013F23E /* Release */ = {
			isa = XCBuildConfiguration;
			buildSettings = {
				PRODUCT_NAME = "$(TARGET_NAME)";
			};
			name = Release;
		};
/* End XCBuildConfiguration section */

/* Begin XCConfigurationList section */
		42D229731A0279E00013F23E /* Build configuration list for PBXProject "Assign6" */ = {
			isa = XCConfigurationList;
			buildConfigurations = (
				42D2297D1A0279E00013F23E /* Debug */,
				42D2297E1A0279E00013F23E /* Release */,
			);
			defaultConfigurationIsVisible = 0;
			defaultConfigurationName = Release;
		};
		42D2297F1A0279E00013F23E /* Build configuration list for PBXNativeTarget "Assign6" */ = {
			isa = XCConfigurationList;
			buildConfigurations = (
				42D229801A0279E00013F23E /* Debug */,
				42D229811A0279E00013F23E /* Release */,
			);
			defaultConfigurationIsVisible = 0;
			defaultConfigurationName = Release;
		};
/* End XCConfigurationList section */
	};
	rootObject = 42D229701A0279E00013F23E /* Project object */;
}
